
Microsoft Visual Studio Solution File, Format Version 12.00
# Visual Studio 15
VisualStudioVersion = 15.0.27130.2010
MinimumVisualStudioVersion = 10.0.40219.1
Project("{FAE04EC0-301F-11D3-BF4B-00C04F79EFBC}") = "2018Proje_SupFollup_v2", "2018Proje_SupFollup_v2\2018Proje_SupFollup_v2.csproj", "{DDDDE5CD-6C7C-4802-835D-1CC8AE8A8B48}"
EndProject
Global
	GlobalSection(SolutionConfigurationPlatforms) = preSolution
		Debug|Any CPU = Debug|Any CPU
		Release|Any CPU = Release|Any CPU
	EndGlobalSection
	GlobalSection(ProjectConfigurationPlatforms) = postSolution
		{DDDDE5CD-6C7C-4802-835D-1CC8AE8A8B48}.Debug|Any CPU.ActiveCfg = Debug|Any CPU
		{DDDDE5CD-6C7C-4802-835D-1CC8AE8A8B48}.Debug|Any CPU.Build.0 = Debug|Any CPU
		{DDDDE5CD-6C7C-4802-835D-1CC8AE8A8B48}.Release|Any CPU.ActiveCfg = Release|Any CPU
		{DDDDE5CD-6C7C-4802-835D-1CC8AE8A8B48}.Release|Any CPU.Build.0 = Release|Any CPU
	EndGlobalSection
	GlobalSection(SolutionProperties) = preSolution
		HideSolutionNode = FALSE
	EndGlobalSection
	GlobalSection(ExtensibilityGlobals) = postSolution
		SolutionGuid = {951D05CF-0224-43A5-8BAD-3222A520A324}
	EndGlobalSection
EndGlobal
